
Microsoft Visual Studio Solution File, Format Version 12.00
# Visual Studio 15
VisualStudioVersion = 15.0.28307.329
MinimumVisualStudioVersion = 10.0.40219.1
Project("{FAE04EC0-301F-11D3-BF4B-00C04F79EFBC}") = "StockTicker", "StockTicker\StockTicker.csproj", "{EC35DF67-23C5-4E59-B20A-C33EAADC14DC}"
EndProject
Global
	GlobalSection(SolutionConfigurationPlatforms) = preSolution
		Debug|Any CPU = Debug|Any CPU
		Release|Any CPU = Release|Any CPU
	EndGlobalSection
	GlobalSection(ProjectConfigurationPlatforms) = postSolution
		{EC35DF67-23C5-4E59-B20A-C33EAADC14DC}.Debug|Any CPU.ActiveCfg = Debug|Any CPU
		{EC35DF67-23C5-4E59-B20A-C33EAADC14DC}.Debug|Any CPU.Build.0 = Debug|Any CPU
		{EC35DF67-23C5-4E59-B20A-C33EAADC14DC}.Release|Any CPU.ActiveCfg = Release|Any CPU
		{EC35DF67-23C5-4E59-B20A-C33EAADC14DC}.Release|Any CPU.Build.0 = Release|Any CPU
	EndGlobalSection
	GlobalSection(SolutionProperties) = preSolution
		HideSolutionNode = FALSE
	EndGlobalSection
	GlobalSection(ExtensibilityGlobals) = postSolution
		SolutionGuid = {3738BC7E-A789-4808-9442-E4716A87E26F}
	EndGlobalSection
EndGlobal
